{
  "name": "mjmoverseer",
  "version": "1.0.0",
  "lockfileVersion": 1,
  "requires": true,
  "dependencies": {
    "hound": {
      "version": "1.0.5",
      "resolved": "https://registry.npmjs.org/hound/-/hound-1.0.5.tgz",
      "integrity": "sha1-WbvTkiDrSlQd/04t40HW2vb4ook="
    },
    "lodash": {
      "version": "4.17.15",
      "resolved": "https://registry.npmjs.org/lodash/-/lodash-4.17.15.tgz",
      "integrity": "sha512-8xOcRHvCjnocdS5cpwXQXVzmmh5e5+saE2QGoeQmbKmRS6J3VQppPOIt0MnmE+4xlZoumy0GPG0D0MVIQbNA1A=="
    },
    "moment": {
      "version": "2.27.0",
      "resolved": "https://registry.npmjs.org/moment/-/moment-2.27.0.tgz",
      "integrity": "sha512-al0MUK7cpIcglMv3YF13qSgdAIqxHTO7brRtaz3DlSULbqfazqkc5kEjNrLDOM7fsjshoFIihnU8snrP7zUvhQ=="
    },
    "simple-node-logger": {
      "version": "18.12.24",
      "resolved": "https://registry.npmjs.org/simple-node-logger/-/simple-node-logger-18.12.24.tgz",
      "integrity": "sha512-4dTqpYecHsvPjWo+i+J3pLty8WJDNbxOVesNj5ch8pYH95LIGAFH4dxMSqyf+Os0RTchXifEtI/mfm3AVJftmg==",
      "requires": {
        "lodash": "^4.17.12",
        "moment": "^2.20.1"
      }
    },
    "uniqid": {
      "version": "5.2.0",
      "resolved": "https://registry.npmjs.org/uniqid/-/uniqid-5.2.0.tgz",
      "integrity": "sha512-LH8zsvwJ/GL6YtNfSOmMCrI9piraAUjBfw2MCvleNE6a4pVKJwXjG2+HWhkVeFcSg+nmaPKbMrMOoxwQluZ1Mg=="
    }
  }
}
